
Microsoft Visual Studio Solution File, Format Version 12.00
# Visual Studio Version 17
VisualStudioVersion = 17.3.32929.385
MinimumVisualStudioVersion = 10.0.40219.1
Project("{9A19103F-16F7-4668-BE54-9A1E7A4F7556}") = "TypealizR.Tests", "src\TypealizR.Tests\TypealizR.Tests.csproj", "{78916CDC-B1C6-404F-A074-1369ABA8DF2E}"
EndProject
Project("{9A19103F-16F7-4668-BE54-9A1E7A4F7556}") = "TypealizR", "src\TypealizR\TypealizR.csproj", "{02E58A8F-83A0-40EF-9CB4-5FF42ADF189D}"
EndProject
Global
	GlobalSection(SolutionConfigurationPlatforms) = preSolution
		Debug|Any CPU = Debug|Any CPU
		Release|Any CPU = Release|Any CPU
	EndGlobalSection
	GlobalSection(ProjectConfigurationPlatforms) = postSolution
		{78916CDC-B1C6-404F-A074-1369ABA8DF2E}.Debug|Any CPU.ActiveCfg = Debug|Any CPU
		{78916CDC-B1C6-404F-A074-1369ABA8DF2E}.Debug|Any CPU.Build.0 = Debug|Any CPU
		{78916CDC-B1C6-404F-A074-1369ABA8DF2E}.Release|Any CPU.ActiveCfg = Release|Any CPU
		{78916CDC-B1C6-404F-A074-1369ABA8DF2E}.Release|Any CPU.Build.0 = Release|Any CPU
		{02E58A8F-83A0-40EF-9CB4-5FF42ADF189D}.Debug|Any CPU.ActiveCfg = Debug|Any CPU
		{02E58A8F-83A0-40EF-9CB4-5FF42ADF189D}.Debug|Any CPU.Build.0 = Debug|Any CPU
		{02E58A8F-83A0-40EF-9CB4-5FF42ADF189D}.Release|Any CPU.ActiveCfg = Release|Any CPU
		{02E58A8F-83A0-40EF-9CB4-5FF42ADF189D}.Release|Any CPU.Build.0 = Release|Any CPU
	EndGlobalSection
	GlobalSection(SolutionProperties) = preSolution
		HideSolutionNode = FALSE
	EndGlobalSection
	GlobalSection(ExtensibilityGlobals) = postSolution
		SolutionGuid = {963536E5-E9EB-471B-9292-73125DAB4B08}
	EndGlobalSection
EndGlobal
